
Microsoft Visual Studio Solution File, Format Version 12.00
# Visual Studio Version 16
VisualStudioVersion = 16.0.30503.244
MinimumVisualStudioVersion = 10.0.40219.1
Project("{9A19103F-16F7-4668-BE54-9A1E7A4F7556}") = "BinarySearch", "BinarySearch.csproj", "{91874F2B-45AE-4ACF-9A3B-F317FF5B990B}"
EndProject
Global
	GlobalSection(SolutionConfigurationPlatforms) = preSolution
		Debug|Any CPU = Debug|Any CPU
		Release|Any CPU = Release|Any CPU
	EndGlobalSection
	GlobalSection(ProjectConfigurationPlatforms) = postSolution
		{91874F2B-45AE-4ACF-9A3B-F317FF5B990B}.Debug|Any CPU.ActiveCfg = Debug|Any CPU
		{91874F2B-45AE-4ACF-9A3B-F317FF5B990B}.Debug|Any CPU.Build.0 = Debug|Any CPU
		{91874F2B-45AE-4ACF-9A3B-F317FF5B990B}.Release|Any CPU.ActiveCfg = Release|Any CPU
		{91874F2B-45AE-4ACF-9A3B-F317FF5B990B}.Release|Any CPU.Build.0 = Release|Any CPU
	EndGlobalSection
	GlobalSection(SolutionProperties) = preSolution
		HideSolutionNode = FALSE
	EndGlobalSection
	GlobalSection(ExtensibilityGlobals) = postSolution
		SolutionGuid = {B657A69A-0D87-461F-BA72-AF00F9FE518B}
	EndGlobalSection
EndGlobal
